github.com/antlr4-go/antlr/v4 v4.13.1 h1:SqQKkuVZ+zWkMMNkjy5FZe5mr5WURWnlpmOuzYWrPrQ=
github.com/antlr4-go/antlr/v4 v4.13.1/go.mod h1:GKmUxMtwp6ZgGwZSva4eWPC5mS6vUAmOABFgjdkM7Nw=
github.com/creack/pty v1.1.9/go.mod h1:oKZEueFk5CKHvIhNR5MUki03XCEU+Q6VDXinZuGJ33E=
github.com/davecgh/go-spew v1.1.2-0.20180830191138-d8f796af33cc h1:U9qPSI2PIWSS1VwoXQT9A3Wy9MM3WgvqSxFWenqJduM=
github.com/davecgh/go-spew v1.1.2-0.20180830191138-d8f796af33cc/go.mod h1:J7Y8YcW2NihsgmVo/mv3lAwl/skON4iLHjSsI+c5H38=
github.com/gomatic/go-app v0.2.0 h1:QedURMIcxXTQhde587IHst4WnxDjE6WWZj1N8PLz6zI=
github.com/gomatic/go-app v0.2.0/go.mod h1:wTcMDmCOTd05s5toPW1yLDdce9wX7kqi0CI3oMIAxSo=
github.com/gomatic/go-error v0.2.2 h1:idSMJduSTDFOp48MnuhMsBH53HrHd8P7LNhdWHtWaVg=
github.com/gomatic/go-error v0.2.2/go.mod h1:+PAmcazlzCIDFBglesekV1LUQTEaQB+5801gftMxgZY=
github.com/gomatic/go-httpserver v0.2.0 h1:VJe5AqCYgzSELffVJDqXWPfncsDwOTN9f30k5Jjs/LM=
github.com/gomatic/go-httpserver v0.2.0/go.mod h1:yWOitkU85Sd/OoWQQ1ZT/M91OK2AbSwfqmaAvE0zO3g=
github.com/gomatic/go-log v0.2.0 h1:aENZTfpIj4ifbhmx/8KOIDkDukdxquRfMfYHbdo9RIY=
github.com/gomatic/go-log v0.2.0/go.mod h1:8yusazmzf+STyWR3swgBte1xFVSBXQmaOtJaLBTzV0s=
github.com/gomatic/go-module v0.2.0 h1:gjOn+Uy59EgzMbpmRcCKD/EmiroA0gwjPP8G5Da7Iuw=
github.com/gomatic/go-module v0.2.0/go.mod h1:Q+wtIkQsYJJKk0Z5/WlyBkJBg3iGCBHwil29ekxq2IU=
github.com/gomatic/go-output v0.2.0 h1:+BofqEZhxRPMgAnzjCOwiPqQrUljYCmMcxCDQJKycQM=
github.com/gomatic/go-output v0.2.0/go.mod h1:FCbm/z/pTxOmxHqeppmY0774ixMwn9g89HAaQ26B+xg=
github.com/gomatic/go-rewrite v0.2.0 h1:D/TnIgnq/DmulRBzAApq+8fssfvz++YVVCgUmjeuugs=
github.com/gomatic/go-rewrite v0.2.0/go.mod h1:6W8h0oWiRIWck7yCu/AZUDrvG7bVVD4fSNnO2L7zypk=
github.com/kr/pretty v0.2.1/go.mod h1:ipq/a2n7PKx3OHsz4KJII5eveXtPO4qwEXGdVfWzfnI=
github.com/kr/pretty v0.3.1 h1:flRD4NNwYAUpkphVc1HcthR4KEIFJ65n8Mw5qdRn3LE=
github.com/kr/pretty v0.3.1/go.mod h1:hoEshYVHaxMs3cyo3Yncou5ZscifuDolrwPKZanG3xk=
github.com/kr/pty v1.1.1/go.mod h1:pFQYn66WHrOpPYNljwOMqo10TkYh1fy3cYio2l3bCsQ=
github.com/kr/text v0.1.0/go.mod h1:4Jbv+DJW3UT/LiOwJeYQe1efqtUx/iVham/4vfdArNI=
github.com/kr/text v0.2.0 h1:5Nx0Ya0ZqY2ygV366QzturHI13Jq95ApcVaJBhpS+AY=
github.com/kr/text v0.2.0/go.mod h1:eLer722TekiGuMkidMxC/pM04lWEeraHUUmBw8l2grE=
github.com/pkg/diff v0.0.0-20210226163009-20ebb0f2a09e/go.mod h1:pJLUxLENpZxwdsKMEsNbx1VGcRFpLqf3715MtcvvzbA=
github.com/pmezard/go-difflib v1.0.1-0.20181226105442-5d4384ee4fb2 h1:Jamvg5psRIccs7FGNTlIRMkT8wgtp5eCXdBlqhYGL6U=
github.com/pmezard/go-difflib v1.0.1-0.20181226105442-5d4384ee4fb2/go.mod h1:iKH77koFhYxTK1pcRnkKkqfTogsbg7gZNVY4sRDYZ/4=
github.com/rogpeppe/go-internal v1.9.0/go.mod h1:WtVeX8xhTBvf0smdhujwtBcq4Qrzq/fJaraNFVN+nFs=
github.com/rogpeppe/go-internal v1.14.1 h1:UQB4HGPB6osV0SQTLymcB4TgvyWu6ZyliaW0tI/otEQ=
github.com/rogpeppe/go-internal v1.14.1/go.mod h1:MaRKkUm5W0goXpeCfT7UZI6fk/L7L7so1lCWt35ZSgc=
github.com/stretchr/testify v1.11.1 h1:7s2iGBzp5EwR7/aIZr8ao5+dra3wiQyKjjFuvgVKu7U=
github.com/stretchr/testify v1.11.1/go.mod h1:wZwfW3scLgRK+23gO65QZefKpKQRnfz6sD981Nm4B6U=
github.com/urfave/cli/v3 v3.10.0 h1:0aU8yOObVDMkM13Cj4G+zb4P0PdeJMec65f81Ak1ioM=
github.com/urfave/cli/v3 v3.10.0/go.mod h1:ysVLtOEmg2tOy6PknnYVhDoouyC/6N42TMeoMzskhso=
golang.org/x/exp v0.0.0-20240506185415-9bf2ced13842 h1:vr/HnozRka3pE4EsMEg1lgkXJkTFJCVUX+S/ZT6wYzM=
golang.org/x/exp v0.0.0-20240506185415-9bf2ced13842/go.mod h1:XtvwrStGgqGPLc4cjQfWqZHG1YFdYs6swckp8vpsjnc=
gopkg.in/check.v1 v0.0.0-20161208181325-20d25e280405/go.mod h1:Co6ibVJAznAaIkqp8huTwlJQCZ016jof/cbN4VW5Yz0=
gopkg.in/check.v1 v1.0.0-20201130134442-10cb98267c6c h1:Hei/4ADfdWqJk1ZMxUNpqntNwaWcugrBjAiHlqqRiVk=
gopkg.in/check.v1 v1.0.0-20201130134442-10cb98267c6c/go.mod h1:JHkPIbrfpd72SG/EVd6muEfDQjcINNoR0C8j2r3qZ4Q=
gopkg.in/yaml.v3 v3.0.1 h1:fxVm/GzAzEWqLHuvctI91KS9hhNmmWOoWu0XTYJS7CA=
gopkg.in/yaml.v3 v3.0.1/go.mod h1:K4uyk7z7BCEPqu6E+C64Yfv1cQ7kz7rIZviUmN+EgEM=
